
Microsoft Visual Studio Solution File, Format Version 12.00
# Visual Studio Version 17
VisualStudioVersion = 17.9.34622.214
MinimumVisualStudioVersion = 10.0.40219.1
Project("{9A19103F-16F7-4668-BE54-9A1E7A4F7556}") = "AdsTestService", "AdsTestService\AdsTestService.csproj", "{40FE1D72-6DFF-4B55-8748-D91D80E3EBB2}"
EndProject
Project("{FAE04EC0-301F-11D3-BF4B-00C04F79EFBC}") = "OpcTestService", "OpcTestService\OpcTestService.csproj", "{438A0DB1-349A-4A0D-AEE2-D60B9503860B}"
EndProject
Project("{FAE04EC0-301F-11D3-BF4B-00C04F79EFBC}") = "PlcDataModel", "PlcDataModel\PlcDataModel.csproj", "{A29CEC89-431F-4C29-B74E-331E78B30098}"
EndProject
Global
	GlobalSection(SolutionConfigurationPlatforms) = preSolution
		Debug|Any CPU = Debug|Any CPU
		Release|Any CPU = Release|Any CPU
	EndGlobalSection
	GlobalSection(ProjectConfigurationPlatforms) = postSolution
		{40FE1D72-6DFF-4B55-8748-D91D80E3EBB2}.Debug|Any CPU.ActiveCfg = Debug|Any CPU
		{40FE1D72-6DFF-4B55-8748-D91D80E3EBB2}.Debug|Any CPU.Build.0 = Debug|Any CPU
		{40FE1D72-6DFF-4B55-8748-D91D80E3EBB2}.Release|Any CPU.ActiveCfg = Release|Any CPU
		{40FE1D72-6DFF-4B55-8748-D91D80E3EBB2}.Release|Any CPU.Build.0 = Release|Any CPU
		{438A0DB1-349A-4A0D-AEE2-D60B9503860B}.Debug|Any CPU.ActiveCfg = Debug|Any CPU
		{438A0DB1-349A-4A0D-AEE2-D60B9503860B}.Debug|Any CPU.Build.0 = Debug|Any CPU
		{438A0DB1-349A-4A0D-AEE2-D60B9503860B}.Release|Any CPU.ActiveCfg = Release|Any CPU
		{438A0DB1-349A-4A0D-AEE2-D60B9503860B}.Release|Any CPU.Build.0 = Release|Any CPU
		{A29CEC89-431F-4C29-B74E-331E78B30098}.Debug|Any CPU.ActiveCfg = Debug|Any CPU
		{A29CEC89-431F-4C29-B74E-331E78B30098}.Debug|Any CPU.Build.0 = Debug|Any CPU
		{A29CEC89-431F-4C29-B74E-331E78B30098}.Release|Any CPU.ActiveCfg = Release|Any CPU
		{A29CEC89-431F-4C29-B74E-331E78B30098}.Release|Any CPU.Build.0 = Release|Any CPU
	EndGlobalSection
	GlobalSection(SolutionProperties) = preSolution
		HideSolutionNode = FALSE
	EndGlobalSection
	GlobalSection(ExtensibilityGlobals) = postSolution
		SolutionGuid = {1BD7851E-DF14-407D-9154-690C3A5CD59A}
	EndGlobalSection
EndGlobal
